// !$*UTF8*$!
{
	archiveVersion = 1;
	classes = {
	};
	objectVersion = 77;
	objects = {

/* Begin PBXBuildFile section */
		008ADFA16EFF781E50B386AA /* Services.swift in Sources */ = {isa = PBXBuildFile; fileRef = E06646CDF05B297C32A82774 /* Services.swift */; };
		012F76410233836CF60EE4D6 /* UITestSupport.swift in Sources */ = {isa = PBXBuildFile; fileRef = 4134F65B1F3D3F4517BE4E71 /* UITestSupport.swift */; };
		03CD15A17929BB9E19BC5994 /* StateViews.swift in Sources */ = {isa = PBXBuildFile; fileRef = 617A52A872CF4D7D7724B937 /* StateViews.swift */; };
		0625DD652177818F5351F5E3 /* ExploreStore.swift in Sources */ = {isa = PBXBuildFile; fileRef = 261AC95AEB0213020ABB2C1E /* ExploreStore.swift */; };
		066325A2E0A9B9E988EEF947 /* MiniPlayer.swift in Sources */ = {isa = PBXBuildFile; fileRef = 7D6C4E54E29C8CF7F8B0D862 /* MiniPlayer.swift */; };
		07A8A65CEC0749174CD5E9E5 /* CarPlaySceneDelegate.swift in Sources */ = {isa = PBXBuildFile; fileRef = E968415E6F0B73C9B137C4A2 /* CarPlaySceneDelegate.swift */; };
		0AB30F97DC1B704FA12F1A64 /* ArtistView.swift in Sources */ = {isa = PBXBuildFile; fileRef = 87A6916777459732260903DC /* ArtistView.swift */; };
		0D6FC5C08893F894FD342330 /* WatchAccountViews.swift in Sources */ = {isa = PBXBuildFile; fileRef = D57728F1C4495976700637A3 /* WatchAccountViews.swift */; };
		0E84339350F8EEB82DDE49BA /* LyricsUITests.swift in Sources */ = {isa = PBXBuildFile; fileRef = 8283257DCBDBDAFFA51CE3F2 /* LyricsUITests.swift */; };
		0F943CFE0F06498E564634C0 /* MelogoldApp.swift in Sources */ = {isa = PBXBuildFile; fileRef = A071D3B7B2103C906F45A4F9 /* MelogoldApp.swift */; };
		10EA20DE84359721EA31CE23 /* TabShell.swift in Sources */ = {isa = PBXBuildFile; fileRef = 74D5802F9DB93D4977628101 /* TabShell.swift */; };
		137DA5566FD1F88AD3A11CED /* SystemIntegration.swift in Sources */ = {isa = PBXBuildFile; fileRef = 2FFA6E1800667B694083CA84 /* SystemIntegration.swift */; };
		181309BE19354DF37DFAAE97 /* MelogoldServer in Frameworks */ = {isa = PBXBuildFile; productRef = 2973D1F8B1EADECCA8A6B50E /* MelogoldServer */; };
		1813387E02F116DA5080EABA /* PlayerUITests.swift in Sources */ = {isa = PBXBuildFile; fileRef = 682BBF8C408EDA9E19B8D661 /* PlayerUITests.swift */; };
		1A83A03BA63362F319089F9E /* SignInView.swift in Sources */ = {isa = PBXBuildFile; fileRef = FDD0F2577B6C283234174F5C /* SignInView.swift */; };
		1AEBC8A022AEBC0AC34CD9E5 /* TrendsView.swift in Sources */ = {isa = PBXBuildFile; fileRef = 8C224EDA06CCB6048D3EE231 /* TrendsView.swift */; };
		1B1F41525428EEB1C939DEDF /* SplitShell.swift in Sources */ = {isa = PBXBuildFile; fileRef = 68CE44484027E235BABE4E9B /* SplitShell.swift */; };
		1FA4F7F8356615AE62FC0DD4 /* SectionStyle.swift in Sources */ = {isa = PBXBuildFile; fileRef = 0ED1959497A998519DFBAEC6 /* SectionStyle.swift */; };
		202AB5FF65B21800A3C42AEC /* ShellUITests.swift in Sources */ = {isa = PBXBuildFile; fileRef = 5C2E03261E4E5FEE84A79BE3 /* ShellUITests.swift */; };
		215CFC95E58BCEEA3194F429 /* SleepFormat.swift in Sources */ = {isa = PBXBuildFile; fileRef = 713C3A392A064D16A0998F09 /* SleepFormat.swift */; };
		238ABA984DA91ED32A2D0F22 /* MelogoldCore in Frameworks */ = {isa = PBXBuildFile; productRef = 00E31265CD9323121FDDEB60 /* MelogoldCore */; };
		37386CC75DEE3EBD4A5BBEA7 /* Shelves.swift in Sources */ = {isa = PBXBuildFile; fileRef = 05CB98AC0A4C230383AE4920 /* Shelves.swift */; };
		373ABF28FB0AE1BC2575DFF3 /* RootView.swift in Sources */ = {isa = PBXBuildFile; fileRef = 05609036F2EA8B7D37C79D06 /* RootView.swift */; };
		3BB36E4150B2B2AEBBE9160E /* DetailPage.swift in Sources */ = {isa = PBXBuildFile; fileRef = A0EB2E2FB27D4F819EF2650A /* DetailPage.swift */; };
		3C22FA3123C7D699E86A37BD /* PlaylistView.swift in Sources */ = {isa = PBXBuildFile; fileRef = 6B07519490EFF013E29A5996 /* PlaylistView.swift */; };
		3E193FFD11048CC214283B56 /* MelogoldPlayback in Frameworks */ = {isa = PBXBuildFile; productRef = FFC92A7B0C3C480FDC51982E /* MelogoldPlayback */; };
		3F6A128A55BD3A2A6036B518 /* LibraryComponents.swift in Sources */ = {isa = PBXBuildFile; fileRef = 90EBF5BECA6153235D0C0A59 /* LibraryComponents.swift */; };
		487A4AFB6D59F59926D9F0D9 /* MelogoldInnerTube in Frameworks */ = {isa = PBXBuildFile; productRef = EE83B993730C176DE0BCEA02 /* MelogoldInnerTube */; };
		4B799A1160487B46F707750B /* FileExport.swift in Sources */ = {isa = PBXBuildFile; fileRef = 24F1F7B1F153ABCE7ABE1A14 /* FileExport.swift */; };
		4CB6CB531388EC4C9CEAF2B2 /* MelogoldPlayback in Frameworks */ = {isa = PBXBuildFile; productRef = 74C7DB990AB009185B29E337 /* MelogoldPlayback */; };
		4DCAAA27EC8F64EC07C26110 /* WatchNowPlayingView.swift in Sources */ = {isa = PBXBuildFile; fileRef = A9A09BA336EAC3188322DF40 /* WatchNowPlayingView.swift */; };
		5050FA720F8FAE89F3DFB8F2 /* WatchHistoryUITests.swift in Sources */ = {isa = PBXBuildFile; fileRef = 039F87724BDABD8F92A76A71 /* WatchHistoryUITests.swift */; };
		5125520C51D3281CB5DBBA66 /* WatchRootView.swift in Sources */ = {isa = PBXBuildFile; fileRef = 91B39EDD1852C5750CFF9520 /* WatchRootView.swift */; };
		541782B9FFF7E37EAC7D901A /* PlayerMenu.swift in Sources */ = {isa = PBXBuildFile; fileRef = F7704BEE3DFEDE997F23D5CC /* PlayerMenu.swift */; };
		54E552D63E3171488285F922 /* DebugSnapshot.swift in Sources */ = {isa = PBXBuildFile; fileRef = 60D5E73AB6179004AA6A76AA /* DebugSnapshot.swift */; };
		55C88BDF8593BFE632936A56 /* Melogold.icon in Resources */ = {isa = PBXBuildFile; fileRef = B37968274E19904FD5DE23BE /* Melogold.icon */; platformFilters = (ios, macos, ); };
		5711F2CB6529289E2C69FA82 /* BrowseViews.swift in Sources */ = {isa = PBXBuildFile; fileRef = AF26F96C87B32EA1FC1B5889 /* BrowseViews.swift */; };
		582A1F17CACE0FAE6DACBC76 /* PrivacyInfo.xcprivacy in Resources */ = {isa = PBXBuildFile; fileRef = D72E675CA1E535993FE48A90 /* PrivacyInfo.xcprivacy */; };
		5AD7EAADB632942F3B269CA3 /* SectionStyle.swift in Sources */ = {isa = PBXBuildFile; fileRef = 0ED1959497A998519DFBAEC6 /* SectionStyle.swift */; };
		5C7F337ACE5ED707155C3DE3 /* AppModel+Library.swift in Sources */ = {isa = PBXBuildFile; fileRef = DDB65AED585E3C7F98B61195 /* AppModel+Library.swift */; };
		5E5D0BABC82C190CEFD9C686 /* LibraryStore.swift in Sources */ = {isa = PBXBuildFile; fileRef = 3C1C5BF53E858EA65C44D329 /* LibraryStore.swift */; };
		61014204235DA4E4E0269242 /* HistoryUITests.swift in Sources */ = {isa = PBXBuildFile; fileRef = ECF11684D63D68687931A590 /* HistoryUITests.swift */; };
		61BF2F42F34A5F6DBCBDCDAE /* Assets.xcassets in Resources */ = {isa = PBXBuildFile; fileRef = 9039475AE7ED4067FC4BB3B1 /* Assets.xcassets */; };
		647B78E2A8C972AE571345D1 /* SearchModel.swift in Sources */ = {isa = PBXBuildFile; fileRef = BC8171812B4C4F41481F1303 /* SearchModel.swift */; };
		67B5305E5D263A1E61CE33D2 /* NowPlayingView.swift in Sources */ = {isa = PBXBuildFile; fileRef = 71E0614E21C5CA15E4B6BFF3 /* NowPlayingView.swift */; };
		67CE77D5B52347474A458226 /* LyricsSearchSheet.swift in Sources */ = {isa = PBXBuildFile; fileRef = EA63165E83727DB40E4E2B0A /* LyricsSearchSheet.swift */; };
		69CC4EEC5ECD57DC628309E2 /* ForYouStore.swift in Sources */ = {isa = PBXBuildFile; fileRef = 6B038D3D5905F9D28B22C84A /* ForYouStore.swift */; };
		6B99F6A20BC049229FA6070C /* AppModel+Actions.swift in Sources */ = {isa = PBXBuildFile; fileRef = AE1EC0EADA85A588A69F641B /* AppModel+Actions.swift */; };
		6C4AC9EDF614DE121A6F16FD /* DebugLaunch.swift in Sources */ = {isa = PBXBuildFile; fileRef = 4A6EB7CA2C9AC85995734B19 /* DebugLaunch.swift */; };
		720F7FE75D5D1A3D3EE84ADF /* WatchSearchView.swift in Sources */ = {isa = PBXBuildFile; fileRef = FDE9EE13AFF02588C010A268 /* WatchSearchView.swift */; };
		73FD23AEAC59899797069BFB /* InfoPlist.xcstrings in Resources */ = {isa = PBXBuildFile; fileRef = 0024B4C3F56980A4999F2B94 /* InfoPlist.xcstrings */; };
		76AF7E56D0A746CD7C2D6B70 /* CatalogUITests.swift in Sources */ = {isa = PBXBuildFile; fileRef = 571D3D5AAD367DD65A477BF3 /* CatalogUITests.swift */; };
		771134A71C28716CD3A30DBA /* MelogoldInnerTube in Frameworks */ = {isa = PBXBuildFile; productRef = DC9CC894B07B9896638342CD /* MelogoldInnerTube */; };
		782A43EE9CA71A84716D1787 /* ArtworkView.swift in Sources */ = {isa = PBXBuildFile; fileRef = 83FA08593BA80C10D1786A94 /* ArtworkView.swift */; };
		7886385E3E5B8992E0901556 /* Rows.swift in Sources */ = {isa = PBXBuildFile; fileRef = FE193EFD78D96A082588A882 /* Rows.swift */; };
		7A48C339E90DDEB9F20D3B7C /* SleepFormat.swift in Sources */ = {isa = PBXBuildFile; fileRef = 713C3A392A064D16A0998F09 /* SleepFormat.swift */; };
		7AACA42B80940B15B34CF3DF /* QueueView.swift in Sources */ = {isa = PBXBuildFile; fileRef = AE53BF230CBCA5A02C4E3D84 /* QueueView.swift */; };
		7B7F06BEA52600084975FA9C /* PrivacyInfo.xcprivacy in Resources */ = {isa = PBXBuildFile; fileRef = C305A7FFD78AB75764C9F3D0 /* PrivacyInfo.xcprivacy */; };
		7EA3249E428FB6CF17568CE9 /* MelogoldCommands.swift in Sources */ = {isa = PBXBuildFile; fileRef = 93441BF35DA128B8AAFCDF1C /* MelogoldCommands.swift */; };
		7FAA9163A0D77D5A2D6DB610 /* SectionPlaceholder.swift in Sources */ = {isa = PBXBuildFile; fileRef = 6C31A6FD2D13A78CE31432CC /* SectionPlaceholder.swift */; };
		84231D42BA22F3633F7FAF73 /* WatchLyricsView.swift in Sources */ = {isa = PBXBuildFile; fileRef = 62072A5FC2C2D17D85550480 /* WatchLyricsView.swift */; };
		845064408A0914C55E91722E /* MelogoldData in Frameworks */ = {isa = PBXBuildFile; productRef = 072FCA9CE57C410C91C3C70D /* MelogoldData */; };
		8823ABE459D3EB82DDE6600D /* Localizable.xcstrings in Resources */ = {isa = PBXBuildFile; fileRef = E2CD0B3EB6727B5331CCE032 /* Localizable.xcstrings */; };
		885595AFC9E3F1A318DA809E /* LyricsModel.swift in Sources */ = {isa = PBXBuildFile; fileRef = 0842EC209272D9A6D3F78BBC /* LyricsModel.swift */; };
		8ACCEDC6EB23CFFA6B08E705 /* UITestSupport.swift in Sources */ = {isa = PBXBuildFile; fileRef = 4134F65B1F3D3F4517BE4E71 /* UITestSupport.swift */; };
		90985A5D16448BB9E68C0BE8 /* LibraryStore.swift in Sources */ = {isa = PBXBuildFile; fileRef = 3C1C5BF53E858EA65C44D329 /* LibraryStore.swift */; };
		93A6977A8AC785AAC66B41FC /* LibraryUITests.swift in Sources */ = {isa = PBXBuildFile; fileRef = 88A1BA2E6F1DE9B1CB7537AA /* LibraryUITests.swift */; };
		95330FB1AE771766FA75BDEA /* Localizable.xcstrings in Resources */ = {isa = PBXBuildFile; fileRef = E2CD0B3EB6727B5331CCE032 /* Localizable.xcstrings */; };
		97AA66665A5D8A308D2D6AA3 /* HistoryView.swift in Sources */ = {isa = PBXBuildFile; fileRef = 91E8A746D6D537D2BF3703FB /* HistoryView.swift */; };
		99339B92DE84AF5471EB89E7 /* Melogold Watch.app in Embed Watch Content */ = {isa = PBXBuildFile; fileRef = 73A40E76B3280821EE501843 /* Melogold Watch.app */; platformFilters = (ios, ); settings = {ATTRIBUTES = (RemoveHeadersOnCopy, ); }; };
		9C271D28B90CFFB53D9B93C6 /* Loadable.swift in Sources */ = {isa = PBXBuildFile; fileRef = 3C19A57BEACA04E17E6F71AD /* Loadable.swift */; };
		9F371FCD19E75A2E60428E9A /* MelogoldWatchApp.swift in Sources */ = {isa = PBXBuildFile; fileRef = 2881FC55A08451C2F452BB75 /* MelogoldWatchApp.swift */; };
		A2132CB8024C6D31A1323B1A /* Routes.swift in Sources */ = {isa = PBXBuildFile; fileRef = 87B089AC25B6613CFBF2E0FF /* Routes.swift */; };
		A70E987FE4FB687D1B6D518B /* Services.swift in Sources */ = {isa = PBXBuildFile; fileRef = E06646CDF05B297C32A82774 /* Services.swift */; };
		A80173124DB9EE5F48306046 /* PlaybackStorageSettings.swift in Sources */ = {isa = PBXBuildFile; fileRef = 39AD56A4AE2A9E51E2F5D5D1 /* PlaybackStorageSettings.swift */; };
		AD9762521ADF67969D008192 /* MelogoldCore in Frameworks */ = {isa = PBXBuildFile; productRef = 625BF3FEAD52620894C27DA0 /* MelogoldCore */; };
		B151712796C5FCDCEC791F52 /* AccountSettingsSection.swift in Sources */ = {isa = PBXBuildFile; fileRef = E7276233A1B85EC99AD83FB4 /* AccountSettingsSection.swift */; };
		B2979E9C8C774653A2852C52 /* LyricsEditorView.swift in Sources */ = {isa = PBXBuildFile; fileRef = 0E0F3CDE1537AB387F77F857 /* LyricsEditorView.swift */; };
		BACE53CDC9A1DE54D44800B7 /* WatchCatalogViews.swift in Sources */ = {isa = PBXBuildFile; fileRef = FA48D712A509C667E74613AE /* WatchCatalogViews.swift */; };
		C1DE916B728425DA9D7A7EFE /* Melogold.icon in Resources */ = {isa = PBXBuildFile; fileRef = B37968274E19904FD5DE23BE /* Melogold.icon */; };
		C2ECEAB367E75307F765505B /* PlayerControls.swift in Sources */ = {isa = PBXBuildFile; fileRef = 44E7488F82A5E9E689DE17B0 /* PlayerControls.swift */; };
		C4069967884AAA4A579F0ADF /* ArtworkView.swift in Sources */ = {isa = PBXBuildFile; fileRef = 83FA08593BA80C10D1786A94 /* ArtworkView.swift */; };
		C73857BC34055399DAC03757 /* AccountUITests.swift in Sources */ = {isa = PBXBuildFile; fileRef = D95213D23BAB220EC09658AC /* AccountUITests.swift */; };
		CC51D18BDDBB5EFDD32D8B4C /* MelogoldServer in Frameworks */ = {isa = PBXBuildFile; productRef = B5D32A80D75EB126504B9C0F /* MelogoldServer */; };
		CCB7BFB2BBB534962FE2ABEE /* MelogoldData in Frameworks */ = {isa = PBXBuildFile; productRef = 76C23F0F53014853D597D1F9 /* MelogoldData */; };
		D2E17263C8874BAF4ED062B0 /* NewView.swift in Sources */ = {isa = PBXBuildFile; fileRef = 8A854C582291C2EB866A3B85 /* NewView.swift */; };
		D65EB5358A72B5069219DAEB /* InfoPlist.xcstrings in Resources */ = {isa = PBXBuildFile; fileRef = 2425770C2FD4F63413D4E353 /* InfoPlist.xcstrings */; };
		D98300DB4AA4D8F5B6903D2D /* MacPlayerBar.swift in Sources */ = {isa = PBXBuildFile; fileRef = 6A408396BE12A73C84983051 /* MacPlayerBar.swift */; };
		DB12CF03C955D9365ABBE1D7 /* DownloadsView.swift in Sources */ = {isa = PBXBuildFile; fileRef = 830E0EC31CC904F4E2949834 /* DownloadsView.swift */; };
		DBE881B9FE4690869C3CB0F6 /* TrackMenu.swift in Sources */ = {isa = PBXBuildFile; fileRef = 464CEB05A2F06733EC5B6804 /* TrackMenu.swift */; };
		DE3E8A5359002FD4CA9F6E8F /* ServerView.swift in Sources */ = {isa = PBXBuildFile; fileRef = B53F57A9A1B1CDC2A7FEEBDB /* ServerView.swift */; };
		DEF932C917686C6E9BC6CEAE /* LibraryView.swift in Sources */ = {isa = PBXBuildFile; fileRef = D0606F8F802EDA814564C80E /* LibraryView.swift */; };
		E1F098D49490EF6BC4A3B7BE /* PlaybackUITests.swift in Sources */ = {isa = PBXBuildFile; fileRef = 5D36BEB67142D8EF879DBCC5 /* PlaybackUITests.swift */; };
		E20A0C7192DB65C96D705D6C /* LibraryScreens.swift in Sources */ = {isa = PBXBuildFile; fileRef = F1B51C8ABF1BCB381E829D6C /* LibraryScreens.swift */; };
		E43245C9C138157957582FBC /* LyricsModel.swift in Sources */ = {isa = PBXBuildFile; fileRef = 0842EC209272D9A6D3F78BBC /* LyricsModel.swift */; };
		E5054C4510BC8847340CA354 /* Loadable.swift in Sources */ = {isa = PBXBuildFile; fileRef = 3C19A57BEACA04E17E6F71AD /* Loadable.swift */; };
		E5758C502D3F03428EAE4206 /* AccountOverviewView.swift in Sources */ = {isa = PBXBuildFile; fileRef = F1D156A776E7F72E0757C991 /* AccountOverviewView.swift */; };
		E5D9FF739B2B0C2ED1C01161 /* RoutePickerButton.swift in Sources */ = {isa = PBXBuildFile; fileRef = 229BA01721F5407D1B919204 /* RoutePickerButton.swift */; };
		EB45DEA00E3D3D42F21D9B41 /* ForYouStore.swift in Sources */ = {isa = PBXBuildFile; fileRef = 6B038D3D5905F9D28B22C84A /* ForYouStore.swift */; };
		EB58C678885BD00468F8B042 /* ExploreStore.swift in Sources */ = {isa = PBXBuildFile; fileRef = 261AC95AEB0213020ABB2C1E /* ExploreStore.swift */; };
		ECF668E0796812EE0204B1EA /* AccountText.swift in Sources */ = {isa = PBXBuildFile; fileRef = BDE62678E8C83CFCC9DFA91C /* AccountText.swift */; };
		EE794A34E673F168A7B05EAB /* AppModel.swift in Sources */ = {isa = PBXBuildFile; fileRef = F5BC4994B458B516BAF06933 /* AppModel.swift */; };
		F17DF1D843A31CA3197502C9 /* AccountRoute.swift in Sources */ = {isa = PBXBuildFile; fileRef = 13B81A946E728A6A1CF4DBE3 /* AccountRoute.swift */; };
		F42A7A749C360FA3E6E10534 /* SettingsView.swift in Sources */ = {isa = PBXBuildFile; fileRef = 2002A5E05B308C9C6AD5E580 /* SettingsView.swift */; };
		F65F688275F404FC37157ED2 /* DebugBenchmark.swift in Sources */ = {isa = PBXBuildFile; fileRef = A5CCDBAD0C5BE71085F14626 /* DebugBenchmark.swift */; };
		F7625B181D9A6185784449C1 /* WatchLibraryViews.swift in Sources */ = {isa = PBXBuildFile; fileRef = BD6176B0421F4BED1367019F /* WatchLibraryViews.swift */; };
		F8935A4B70FE3862009DCED8 /* AlbumView.swift in Sources */ = {isa = PBXBuildFile; fileRef = B041EBEA60A6B89FA365385A /* AlbumView.swift */; };
		FBA6FBD34A28B814B61A07C3 /* LyricsView.swift in Sources */ = {isa = PBXBuildFile; fileRef = FCB0C6153B9A06B75A9C18E7 /* LyricsView.swift */; };
		FC76178926B9A1944384776F /* SearchView.swift in Sources */ = {isa = PBXBuildFile; fileRef = E523A3EDBF9604F373F12513 /* SearchView.swift */; };
		FD79B42ABBB0A41612D8C1DA /* LocalPlaylistView.swift in Sources */ = {isa = PBXBuildFile; fileRef = 08532D563B1E263D0A8FEF2D /* LocalPlaylistView.swift */; };
		FFC996730C6A8B0764B0954E /* AccountText.swift in Sources */ = {isa = PBXBuildFile; fileRef = BDE62678E8C83CFCC9DFA91C /* AccountText.swift */; };
/* End PBXBuildFile section */

/* Begin PBXContainerItemProxy section */
		2F2E00B741554BE7F4BD4EBF /* PBXContainerItemProxy */ = {
			isa = PBXContainerItemProxy;
			containerPortal = D398183C133EE8B68B13AD18 /* Project object */;
			proxyType = 1;
			remoteGlobalIDString = 895D2F9E15B8E0F15F0FC1E6;
			remoteInfo = Melogold;
		};
		CF0F14B97CC2E5CFC4764EE7 /* PBXContainerItemProxy */ = {
			isa = PBXContainerItemProxy;
			containerPortal = D398183C133EE8B68B13AD18 /* Project object */;
			proxyType = 1;
			remoteGlobalIDString = 25A049D4D1212EE4C009B2A5;
			remoteInfo = "Melogold Watch";
		};
		F8825D22A4FC5927856990D5 /* PBXContainerItemProxy */ = {
			isa = PBXContainerItemProxy;
			containerPortal = D398183C133EE8B68B13AD18 /* Project object */;
			proxyType = 1;
			remoteGlobalIDString = 25A049D4D1212EE4C009B2A5;
			remoteInfo = "Melogold Watch";
		};
/* End PBXContainerItemProxy section */

/* Begin PBXCopyFilesBuildPhase section */
		A418226E0C9222B507C9E843 /* Embed Watch Content */ = {
			isa = PBXCopyFilesBuildPhase;
			buildActionMask = 2147483647;
			dstPath = "$(CONTENTS_FOLDER_PATH)/Watch";
			dstSubfolderSpec = 16;
			files = (
				99339B92DE84AF5471EB89E7 /* Melogold Watch.app in Embed Watch Content */,
			);
			name = "Embed Watch Content";
			runOnlyForDeploymentPostprocessing = 0;
		};
/* End PBXCopyFilesBuildPhase section */

/* Begin PBXFileReference section */
		0024B4C3F56980A4999F2B94 /* InfoPlist.xcstrings */ = {isa = PBXFileReference; lastKnownFileType = text.json.xcstrings; path = InfoPlist.xcstrings; sourceTree = "<group>"; };
		039F87724BDABD8F92A76A71 /* WatchHistoryUITests.swift */ = {isa = PBXFileReference; lastKnownFileType = sourcecode.swift; path = WatchHistoryUITests.swift; sourceTree = "<group>"; };
		05609036F2EA8B7D37C79D06 /* RootView.swift */ = {isa = PBXFileReference; lastKnownFileType = sourcecode.swift; path = RootView.swift; sourceTree = "<group>"; };
		05CB98AC0A4C230383AE4920 /* Shelves.swift */ = {isa = PBXFileReference; lastKnownFileType = sourcecode.swift; path = Shelves.swift; sourceTree = "<group>"; };
		0842EC209272D9A6D3F78BBC /* LyricsModel.swift */ = {isa = PBXFileReference; lastKnownFileType = sourcecode.swift; path = LyricsModel.swift; sourceTree = "<group>"; };
		08532D563B1E263D0A8FEF2D /* LocalPlaylistView.swift */ = {isa = PBXFileReference; lastKnownFileType = sourcecode.swift; path = LocalPlaylistView.swift; sourceTree = "<group>"; };
		09C67B6DB37BD9B39F0015A5 /* Info.plist */ = {isa = PBXFileReference; lastKnownFileType = text.plist; path = Info.plist; sourceTree = "<group>"; };
		0E0F3CDE1537AB387F77F857 /* LyricsEditorView.swift */ = {isa = PBXFileReference; lastKnownFileType = sourcecode.swift; path = LyricsEditorView.swift; sourceTree = "<group>"; };
		0ED1959497A998519DFBAEC6 /* SectionStyle.swift */ = {isa = PBXFileReference; lastKnownFileType = sourcecode.swift; path = SectionStyle.swift; sourceTree = "<group>"; };
		13B81A946E728A6A1CF4DBE3 /* AccountRoute.swift */ = {isa = PBXFileReference; lastKnownFileType = sourcecode.swift; path = AccountRoute.swift; sourceTree = "<group>"; };
		2002A5E05B308C9C6AD5E580 /* SettingsView.swift */ = {isa = PBXFileReference; lastKnownFileType = sourcecode.swift; path = SettingsView.swift; sourceTree = "<group>"; };
		229BA01721F5407D1B919204 /* RoutePickerButton.swift */ = {isa = PBXFileReference; lastKnownFileType = sourcecode.swift; path = RoutePickerButton.swift; sourceTree = "<group>"; };
		2425770C2FD4F63413D4E353 /* InfoPlist.xcstrings */ = {isa = PBXFileReference; lastKnownFileType = text.json.xcstrings; path = InfoPlist.xcstrings; sourceTree = "<group>"; };
		24F1F7B1F153ABCE7ABE1A14 /* FileExport.swift */ = {isa = PBXFileReference; lastKnownFileType = sourcecode.swift; path = FileExport.swift; sourceTree = "<group>"; };
		261AC95AEB0213020ABB2C1E /* ExploreStore.swift */ = {isa = PBXFileReference; lastKnownFileType = sourcecode.swift; path = ExploreStore.swift; sourceTree = "<group>"; };
		2881FC55A08451C2F452BB75 /* MelogoldWatchApp.swift */ = {isa = PBXFileReference; lastKnownFileType = sourcecode.swift; path = MelogoldWatchApp.swift; sourceTree = "<group>"; };
		2FFA6E1800667B694083CA84 /* SystemIntegration.swift */ = {isa = PBXFileReference; lastKnownFileType = sourcecode.swift; path = SystemIntegration.swift; sourceTree = "<group>"; };
		34213AD788C67BDC3B6AF8E3 /* Info.plist */ = {isa = PBXFileReference; lastKnownFileType = text.plist; path = Info.plist; sourceTree = "<group>"; };
		39AD56A4AE2A9E51E2F5D5D1 /* PlaybackStorageSettings.swift */ = {isa = PBXFileReference; lastKnownFileType = sourcecode.swift; path = PlaybackStorageSettings.swift; sourceTree = "<group>"; };
		3C19A57BEACA04E17E6F71AD /* Loadable.swift */ = {isa = PBXFileReference; lastKnownFileType = sourcecode.swift; path = Loadable.swift; sourceTree = "<group>"; };
		3C1C5BF53E858EA65C44D329 /* LibraryStore.swift */ = {isa = PBXFileReference; lastKnownFileType = sourcecode.swift; path = LibraryStore.swift; sourceTree = "<group>"; };
		4134F65B1F3D3F4517BE4E71 /* UITestSupport.swift */ = {isa = PBXFileReference; lastKnownFileType = sourcecode.swift; path = UITestSupport.swift; sourceTree = "<group>"; };
		44E7488F82A5E9E689DE17B0 /* PlayerControls.swift */ = {isa = PBXFileReference; lastKnownFileType = sourcecode.swift; path = PlayerControls.swift; sourceTree = "<group>"; };
		464CEB05A2F06733EC5B6804 /* TrackMenu.swift */ = {isa = PBXFileReference; lastKnownFileType = sourcecode.swift; path = TrackMenu.swift; sourceTree = "<group>"; };
		4A6EB7CA2C9AC85995734B19 /* DebugLaunch.swift */ = {isa = PBXFileReference; lastKnownFileType = sourcecode.swift; path = DebugLaunch.swift; sourceTree = "<group>"; };
		571D3D5AAD367DD65A477BF3 /* CatalogUITests.swift */ = {isa = PBXFileReference; lastKnownFileType = sourcecode.swift; path = CatalogUITests.swift; sourceTree = "<group>"; };
		5C2E03261E4E5FEE84A79BE3 /* ShellUITests.swift */ = {isa = PBXFileReference; lastKnownFileType = sourcecode.swift; path = ShellUITests.swift; sourceTree = "<group>"; };
		5D36BEB67142D8EF879DBCC5 /* PlaybackUITests.swift */ = {isa = PBXFileReference; lastKnownFileType = sourcecode.swift; path = PlaybackUITests.swift; sourceTree = "<group>"; };
		60D5E73AB6179004AA6A76AA /* DebugSnapshot.swift */ = {isa = PBXFileReference; lastKnownFileType = sourcecode.swift; path = DebugSnapshot.swift; sourceTree = "<group>"; };
		617A52A872CF4D7D7724B937 /* StateViews.swift */ = {isa = PBXFileReference; lastKnownFileType = sourcecode.swift; path = StateViews.swift; sourceTree = "<group>"; };
		62072A5FC2C2D17D85550480 /* WatchLyricsView.swift */ = {isa = PBXFileReference; lastKnownFileType = sourcecode.swift; path = WatchLyricsView.swift; sourceTree = "<group>"; };
		682BBF8C408EDA9E19B8D661 /* PlayerUITests.swift */ = {isa = PBXFileReference; lastKnownFileType = sourcecode.swift; path = PlayerUITests.swift; sourceTree = "<group>"; };
		68CE44484027E235BABE4E9B /* SplitShell.swift */ = {isa = PBXFileReference; lastKnownFileType = sourcecode.swift; path = SplitShell.swift; sourceTree = "<group>"; };
		6A408396BE12A73C84983051 /* MacPlayerBar.swift */ = {isa = PBXFileReference; lastKnownFileType = sourcecode.swift; path = MacPlayerBar.swift; sourceTree = "<group>"; };
		6B038D3D5905F9D28B22C84A /* ForYouStore.swift */ = {isa = PBXFileReference; lastKnownFileType = sourcecode.swift; path = ForYouStore.swift; sourceTree = "<group>"; };
		6B07519490EFF013E29A5996 /* PlaylistView.swift */ = {isa = PBXFileReference; lastKnownFileType = sourcecode.swift; path = PlaylistView.swift; sourceTree = "<group>"; };
		6C31A6FD2D13A78CE31432CC /* SectionPlaceholder.swift */ = {isa = PBXFileReference; lastKnownFileType = sourcecode.swift; path = SectionPlaceholder.swift; sourceTree = "<group>"; };
		713C3A392A064D16A0998F09 /* SleepFormat.swift */ = {isa = PBXFileReference; lastKnownFileType = sourcecode.swift; path = SleepFormat.swift; sourceTree = "<group>"; };
		71E0614E21C5CA15E4B6BFF3 /* NowPlayingView.swift */ = {isa = PBXFileReference; lastKnownFileType = sourcecode.swift; path = NowPlayingView.swift; sourceTree = "<group>"; };
		73A40E76B3280821EE501843 /* Melogold Watch.app */ = {isa = PBXFileReference; explicitFileType = wrapper.application; includeInIndex = 0; path = "Melogold Watch.app"; sourceTree = BUILT_PRODUCTS_DIR; };
		74D5802F9DB93D4977628101 /* TabShell.swift */ = {isa = PBXFileReference; lastKnownFileType = sourcecode.swift; path = TabShell.swift; sourceTree = "<group>"; };
		7D6C4E54E29C8CF7F8B0D862 /* MiniPlayer.swift */ = {isa = PBXFileReference; lastKnownFileType = sourcecode.swift; path = MiniPlayer.swift; sourceTree = "<group>"; };
		8283257DCBDBDAFFA51CE3F2 /* LyricsUITests.swift */ = {isa = PBXFileReference; lastKnownFileType = sourcecode.swift; path = LyricsUITests.swift; sourceTree = "<group>"; };
		830E0EC31CC904F4E2949834 /* DownloadsView.swift */ = {isa = PBXFileReference; lastKnownFileType = sourcecode.swift; path = DownloadsView.swift; sourceTree = "<group>"; };
		83FA08593BA80C10D1786A94 /* ArtworkView.swift */ = {isa = PBXFileReference; lastKnownFileType = sourcecode.swift; path = ArtworkView.swift; sourceTree = "<group>"; };
		87A6916777459732260903DC /* ArtistView.swift */ = {isa = PBXFileReference; lastKnownFileType = sourcecode.swift; path = ArtistView.swift; sourceTree = "<group>"; };
		87B089AC25B6613CFBF2E0FF /* Routes.swift */ = {isa = PBXFileReference; lastKnownFileType = sourcecode.swift; path = Routes.swift; sourceTree = "<group>"; };
		88A1BA2E6F1DE9B1CB7537AA /* LibraryUITests.swift */ = {isa = PBXFileReference; lastKnownFileType = sourcecode.swift; path = LibraryUITests.swift; sourceTree = "<group>"; };
		8A854C582291C2EB866A3B85 /* NewView.swift */ = {isa = PBXFileReference; lastKnownFileType = sourcecode.swift; path = NewView.swift; sourceTree = "<group>"; };
		8C224EDA06CCB6048D3EE231 /* TrendsView.swift */ = {isa = PBXFileReference; lastKnownFileType = sourcecode.swift; path = TrendsView.swift; sourceTree = "<group>"; };
		9039475AE7ED4067FC4BB3B1 /* Assets.xcassets */ = {isa = PBXFileReference; lastKnownFileType = folder.assetcatalog; path = Assets.xcassets; sourceTree = "<group>"; };
		90EBF5BECA6153235D0C0A59 /* LibraryComponents.swift */ = {isa = PBXFileReference; lastKnownFileType = sourcecode.swift; path = LibraryComponents.swift; sourceTree = "<group>"; };
		91B39EDD1852C5750CFF9520 /* WatchRootView.swift */ = {isa = PBXFileReference; lastKnownFileType = sourcecode.swift; path = WatchRootView.swift; sourceTree = "<group>"; };
		91E8A746D6D537D2BF3703FB /* HistoryView.swift */ = {isa = PBXFileReference; lastKnownFileType = sourcecode.swift; path = HistoryView.swift; sourceTree = "<group>"; };
		93441BF35DA128B8AAFCDF1C /* MelogoldCommands.swift */ = {isa = PBXFileReference; lastKnownFileType = sourcecode.swift; path = MelogoldCommands.swift; sourceTree = "<group>"; };
		A071D3B7B2103C906F45A4F9 /* MelogoldApp.swift */ = {isa = PBXFileReference; lastKnownFileType = sourcecode.swift; path = MelogoldApp.swift; sourceTree = "<group>"; };
		A0EB2E2FB27D4F819EF2650A /* DetailPage.swift */ = {isa = PBXFileReference; lastKnownFileType = sourcecode.swift; path = DetailPage.swift; sourceTree = "<group>"; };
		A5CCDBAD0C5BE71085F14626 /* DebugBenchmark.swift */ = {isa = PBXFileReference; lastKnownFileType = sourcecode.swift; path = DebugBenchmark.swift; sourceTree = "<group>"; };
		A9A09BA336EAC3188322DF40 /* WatchNowPlayingView.swift */ = {isa = PBXFileReference; lastKnownFileType = sourcecode.swift; path = WatchNowPlayingView.swift; sourceTree = "<group>"; };
		AE1EC0EADA85A588A69F641B /* AppModel+Actions.swift */ = {isa = PBXFileReference; lastKnownFileType = sourcecode.swift; path = "AppModel+Actions.swift"; sourceTree = "<group>"; };
		AE53BF230CBCA5A02C4E3D84 /* QueueView.swift */ = {isa = PBXFileReference; lastKnownFileType = sourcecode.swift; path = QueueView.swift; sourceTree = "<group>"; };
		AF26F96C87B32EA1FC1B5889 /* BrowseViews.swift */ = {isa = PBXFileReference; lastKnownFileType = sourcecode.swift; path = BrowseViews.swift; sourceTree = "<group>"; };
		AFF23924D146269D15CA6B6D /* MelogoldWatchUITests.xctest */ = {isa = PBXFileReference; explicitFileType = wrapper.cfbundle; includeInIndex = 0; path = MelogoldWatchUITests.xctest; sourceTree = BUILT_PRODUCTS_DIR; };
		B041EBEA60A6B89FA365385A /* AlbumView.swift */ = {isa = PBXFileReference; lastKnownFileType = sourcecode.swift; path = AlbumView.swift; sourceTree = "<group>"; };
		B37968274E19904FD5DE23BE /* Melogold.icon */ = {isa = PBXFileReference; lastKnownFileType = folder.iconcomposer.icon; path = Melogold.icon; sourceTree = "<group>"; };
		B53F57A9A1B1CDC2A7FEEBDB /* ServerView.swift */ = {isa = PBXFileReference; lastKnownFileType = sourcecode.swift; path = ServerView.swift; sourceTree = "<group>"; };
		BA1E666D2EB50A9A2A7486C4 /* MelogoldKit */ = {isa = PBXFileReference; lastKnownFileType = folder; name = MelogoldKit; path = Packages/MelogoldKit; sourceTree = SOURCE_ROOT; };
		BC8171812B4C4F41481F1303 /* SearchModel.swift */ = {isa = PBXFileReference; lastKnownFileType = sourcecode.swift; path = SearchModel.swift; sourceTree = "<group>"; };
		BD6176B0421F4BED1367019F /* WatchLibraryViews.swift */ = {isa = PBXFileReference; lastKnownFileType = sourcecode.swift; path = WatchLibraryViews.swift; sourceTree = "<group>"; };
		BDE62678E8C83CFCC9DFA91C /* AccountText.swift */ = {isa = PBXFileReference; lastKnownFileType = sourcecode.swift; path = AccountText.swift; sourceTree = "<group>"; };
		C305A7FFD78AB75764C9F3D0 /* PrivacyInfo.xcprivacy */ = {isa = PBXFileReference; path = PrivacyInfo.xcprivacy; sourceTree = "<group>"; };
		CFA350B01580D05B8B5A7E0C /* Project.xcconfig */ = {isa = PBXFileReference; lastKnownFileType = text.xcconfig; path = Project.xcconfig; sourceTree = "<group>"; };
		D0606F8F802EDA814564C80E /* LibraryView.swift */ = {isa = PBXFileReference; lastKnownFileType = sourcecode.swift; path = LibraryView.swift; sourceTree = "<group>"; };
		D57728F1C4495976700637A3 /* WatchAccountViews.swift */ = {isa = PBXFileReference; lastKnownFileType = sourcecode.swift; path = WatchAccountViews.swift; sourceTree = "<group>"; };
		D72E675CA1E535993FE48A90 /* PrivacyInfo.xcprivacy */ = {isa = PBXFileReference; path = PrivacyInfo.xcprivacy; sourceTree = "<group>"; };
		D95213D23BAB220EC09658AC /* AccountUITests.swift */ = {isa = PBXFileReference; lastKnownFileType = sourcecode.swift; path = AccountUITests.swift; sourceTree = "<group>"; };
		DDB65AED585E3C7F98B61195 /* AppModel+Library.swift */ = {isa = PBXFileReference; lastKnownFileType = sourcecode.swift; path = "AppModel+Library.swift"; sourceTree = "<group>"; };
		E06646CDF05B297C32A82774 /* Services.swift */ = {isa = PBXFileReference; lastKnownFileType = sourcecode.swift; path = Services.swift; sourceTree = "<group>"; };
		E2CD0B3EB6727B5331CCE032 /* Localizable.xcstrings */ = {isa = PBXFileReference; lastKnownFileType = text.json.xcstrings; path = Localizable.xcstrings; sourceTree = "<group>"; };
		E523A3EDBF9604F373F12513 /* SearchView.swift */ = {isa = PBXFileReference; lastKnownFileType = sourcecode.swift; path = SearchView.swift; sourceTree = "<group>"; };
		E59F5F588452F498D6413117 /* Melogold.app */ = {isa = PBXFileReference; includeInIndex = 0; lastKnownFileType = wrapper.application; path = Melogold.app; sourceTree = BUILT_PRODUCTS_DIR; };
		E7276233A1B85EC99AD83FB4 /* AccountSettingsSection.swift */ = {isa = PBXFileReference; lastKnownFileType = sourcecode.swift; path = AccountSettingsSection.swift; sourceTree = "<group>"; };
		E968415E6F0B73C9B137C4A2 /* CarPlaySceneDelegate.swift */ = {isa = PBXFileReference; lastKnownFileType = sourcecode.swift; path = CarPlaySceneDelegate.swift; sourceTree = "<group>"; };
		EA63165E83727DB40E4E2B0A /* LyricsSearchSheet.swift */ = {isa = PBXFileReference; lastKnownFileType = sourcecode.swift; path = LyricsSearchSheet.swift; sourceTree = "<group>"; };
		ECF11684D63D68687931A590 /* HistoryUITests.swift */ = {isa = PBXFileReference; lastKnownFileType = sourcecode.swift; path = HistoryUITests.swift; sourceTree = "<group>"; };
		F1B51C8ABF1BCB381E829D6C /* LibraryScreens.swift */ = {isa = PBXFileReference; lastKnownFileType = sourcecode.swift; path = LibraryScreens.swift; sourceTree = "<group>"; };
		F1D156A776E7F72E0757C991 /* AccountOverviewView.swift */ = {isa = PBXFileReference; lastKnownFileType = sourcecode.swift; path = AccountOverviewView.swift; sourceTree = "<group>"; };
		F35CC0B73BA7B96B4B82E927 /* MelogoldUITests.xctest */ = {isa = PBXFileReference; includeInIndex = 0; lastKnownFileType = wrapper.cfbundle; path = MelogoldUITests.xctest; sourceTree = BUILT_PRODUCTS_DIR; };
		F5BC4994B458B516BAF06933 /* AppModel.swift */ = {isa = PBXFileReference; lastKnownFileType = sourcecode.swift; path = AppModel.swift; sourceTree = "<group>"; };
		F7704BEE3DFEDE997F23D5CC /* PlayerMenu.swift */ = {isa = PBXFileReference; lastKnownFileType = sourcecode.swift; path = PlayerMenu.swift; sourceTree = "<group>"; };
		FA48D712A509C667E74613AE /* WatchCatalogViews.swift */ = {isa = PBXFileReference; lastKnownFileType = sourcecode.swift; path = WatchCatalogViews.swift; sourceTree = "<group>"; };
		FCB0C6153B9A06B75A9C18E7 /* LyricsView.swift */ = {isa = PBXFileReference; lastKnownFileType = sourcecode.swift; path = LyricsView.swift; sourceTree = "<group>"; };
		FDD0F2577B6C283234174F5C /* SignInView.swift */ = {isa = PBXFileReference; lastKnownFileType = sourcecode.swift; path = SignInView.swift; sourceTree = "<group>"; };
		FDE9EE13AFF02588C010A268 /* WatchSearchView.swift */ = {isa = PBXFileReference; lastKnownFileType = sourcecode.swift; path = WatchSearchView.swift; sourceTree = "<group>"; };
		FE193EFD78D96A082588A882 /* Rows.swift */ = {isa = PBXFileReference; lastKnownFileType = sourcecode.swift; path = Rows.swift; sourceTree = "<group>"; };
/* End PBXFileReference section */

/* Begin PBXFrameworksBuildPhase section */
		58B246D6F80722885523A23F /* Frameworks */ = {
			isa = PBXFrameworksBuildPhase;
			buildActionMask = 2147483647;
			files = (
				AD9762521ADF67969D008192 /* MelogoldCore in Frameworks */,
				CCB7BFB2BBB534962FE2ABEE /* MelogoldData in Frameworks */,
				771134A71C28716CD3A30DBA /* MelogoldInnerTube in Frameworks */,
				CC51D18BDDBB5EFDD32D8B4C /* MelogoldServer in Frameworks */,
				3E193FFD11048CC214283B56 /* MelogoldPlayback in Frameworks */,
			);
			runOnlyForDeploymentPostprocessing = 0;
		};
		7ED6DB9693761082ED4AD885 /* Frameworks */ = {
			isa = PBXFrameworksBuildPhase;
			buildActionMask = 2147483647;
			files = (
				238ABA984DA91ED32A2D0F22 /* MelogoldCore in Frameworks */,
				845064408A0914C55E91722E /* MelogoldData in Frameworks */,
				487A4AFB6D59F59926D9F0D9 /* MelogoldInnerTube in Frameworks */,
				181309BE19354DF37DFAAE97 /* MelogoldServer in Frameworks */,
				4CB6CB531388EC4C9CEAF2B2 /* MelogoldPlayback in Frameworks */,
			);
			runOnlyForDeploymentPostprocessing = 0;
		};
/* End PBXFrameworksBuildPhase section */

/* Begin PBXGroup section */
		1C5D37CFD89899924D1FADD6 /* Resources */ = {
			isa = PBXGroup;
			children = (
				2425770C2FD4F63413D4E353 /* InfoPlist.xcstrings */,
				D72E675CA1E535993FE48A90 /* PrivacyInfo.xcprivacy */,
			);
			path = Resources;
			sourceTree = "<group>";
		};
		23962F2B15BDD5D6471D8FFF /* Account */ = {
			isa = PBXGroup;
			children = (
				F1D156A776E7F72E0757C991 /* AccountOverviewView.swift */,
				13B81A946E728A6A1CF4DBE3 /* AccountRoute.swift */,
				E7276233A1B85EC99AD83FB4 /* AccountSettingsSection.swift */,
				FDD0F2577B6C283234174F5C /* SignInView.swift */,
			);
			path = Account;
			sourceTree = "<group>";
		};
		47CD97D50E937683CEC29C2B /* Config */ = {
			isa = PBXGroup;
			children = (
				CFA350B01580D05B8B5A7E0C /* Project.xcconfig */,
			);
			path = Config;
			sourceTree = "<group>";
		};
		4E7F48865205959E75CBB936 /* Account */ = {
			isa = PBXGroup;
			children = (
				BDE62678E8C83CFCC9DFA91C /* AccountText.swift */,
			);
			path = Account;
			sourceTree = "<group>";
		};
		63DB9E90EE3AF914BC9F9A9F /* Products */ = {
			isa = PBXGroup;
			children = (
				73A40E76B3280821EE501843 /* Melogold Watch.app */,
				E59F5F588452F498D6413117 /* Melogold.app */,
				F35CC0B73BA7B96B4B82E927 /* MelogoldUITests.xctest */,
				AFF23924D146269D15CA6B6D /* MelogoldWatchUITests.xctest */,
			);
			name = Products;
			sourceTree = "<group>";
		};
		65227F087AB7D0FFDC88438F /* Player */ = {
			isa = PBXGroup;
			children = (
				0E0F3CDE1537AB387F77F857 /* LyricsEditorView.swift */,
				EA63165E83727DB40E4E2B0A /* LyricsSearchSheet.swift */,
				FCB0C6153B9A06B75A9C18E7 /* LyricsView.swift */,
				6A408396BE12A73C84983051 /* MacPlayerBar.swift */,
				7D6C4E54E29C8CF7F8B0D862 /* MiniPlayer.swift */,
				71E0614E21C5CA15E4B6BFF3 /* NowPlayingView.swift */,
				44E7488F82A5E9E689DE17B0 /* PlayerControls.swift */,
				F7704BEE3DFEDE997F23D5CC /* PlayerMenu.swift */,
				AE53BF230CBCA5A02C4E3D84 /* QueueView.swift */,
				229BA01721F5407D1B919204 /* RoutePickerButton.swift */,
			);
			path = Player;
			sourceTree = "<group>";
		};
		6D718C14C3C87D91ACB42A8E /* UITests */ = {
			isa = PBXGroup;
			children = (
				D95213D23BAB220EC09658AC /* AccountUITests.swift */,
				571D3D5AAD367DD65A477BF3 /* CatalogUITests.swift */,
				ECF11684D63D68687931A590 /* HistoryUITests.swift */,
				88A1BA2E6F1DE9B1CB7537AA /* LibraryUITests.swift */,
				8283257DCBDBDAFFA51CE3F2 /* LyricsUITests.swift */,
				5D36BEB67142D8EF879DBCC5 /* PlaybackUITests.swift */,
				682BBF8C408EDA9E19B8D661 /* PlayerUITests.swift */,
				5C2E03261E4E5FEE84A79BE3 /* ShellUITests.swift */,
				4134F65B1F3D3F4517BE4E71 /* UITestSupport.swift */,
			);
			path = UITests;
			sourceTree = "<group>";
		};
		72DA2FCE7F97876772CC9550 /* App */ = {
			isa = PBXGroup;
			children = (
				E6EA26CE3A0FA5CD32489132 /* Components */,
				65227F087AB7D0FFDC88438F /* Player */,
				AB40B357D5F0B2FE84A745C4 /* Resources */,
				F69C6ACD4FA38DDDC6D2C5A7 /* Screens */,
				BF857F65D7ED590FE0DC02FA /* Shell */,
				F5BC4994B458B516BAF06933 /* AppModel.swift */,
				AE1EC0EADA85A588A69F641B /* AppModel+Actions.swift */,
				DDB65AED585E3C7F98B61195 /* AppModel+Library.swift */,
				09C67B6DB37BD9B39F0015A5 /* Info.plist */,
				A071D3B7B2103C906F45A4F9 /* MelogoldApp.swift */,
				87B089AC25B6613CFBF2E0FF /* Routes.swift */,
			);
			path = App;
			sourceTree = "<group>";
		};
		81475B851CBA7385C8F2DC24 /* Catalog */ = {
			isa = PBXGroup;
			children = (
				B041EBEA60A6B89FA365385A /* AlbumView.swift */,
				87A6916777459732260903DC /* ArtistView.swift */,
				AF26F96C87B32EA1FC1B5889 /* BrowseViews.swift */,
				A0EB2E2FB27D4F819EF2650A /* DetailPage.swift */,
				6B07519490EFF013E29A5996 /* PlaylistView.swift */,
			);
			path = Catalog;
			sourceTree = "<group>";
		};
		86BC53320E1339C839F09663 /* Shared */ = {
			isa = PBXGroup;
			children = (
				4E7F48865205959E75CBB936 /* Account */,
				F40A091940277003CEE23522 /* Resources */,
				E6D2449DBC85BBE12EAF7CDC /* UI */,
				261AC95AEB0213020ABB2C1E /* ExploreStore.swift */,
				6B038D3D5905F9D28B22C84A /* ForYouStore.swift */,
				3C1C5BF53E858EA65C44D329 /* LibraryStore.swift */,
				3C19A57BEACA04E17E6F71AD /* Loadable.swift */,
				0842EC209272D9A6D3F78BBC /* LyricsModel.swift */,
				0ED1959497A998519DFBAEC6 /* SectionStyle.swift */,
				E06646CDF05B297C32A82774 /* Services.swift */,
			);
			path = Shared;
			sourceTree = "<group>";
		};
		8936E17A7DA2B4E92309387C /* Trends */ = {
			isa = PBXGroup;
			children = (
				8C224EDA06CCB6048D3EE231 /* TrendsView.swift */,
			);
			path = Trends;
			sourceTree = "<group>";
		};
		940136195CA3335CF4F2F8B9 /* Packages */ = {
			isa = PBXGroup;
			children = (
				BA1E666D2EB50A9A2A7486C4 /* MelogoldKit */,
			);
			path = Packages;
			sourceTree = "<group>";
		};
		997FCB0DC346956613EB5244 /* Settings */ = {
			isa = PBXGroup;
			children = (
				39AD56A4AE2A9E51E2F5D5D1 /* PlaybackStorageSettings.swift */,
				B53F57A9A1B1CDC2A7FEEBDB /* ServerView.swift */,
				2002A5E05B308C9C6AD5E580 /* SettingsView.swift */,
			);
			path = Settings;
			sourceTree = "<group>";
		};
		A3F07D0F780A5E4885FBCCFF /* WatchUITests */ = {
			isa = PBXGroup;
			children = (
				039F87724BDABD8F92A76A71 /* WatchHistoryUITests.swift */,
			);
			path = WatchUITests;
			sourceTree = "<group>";
		};
		AB40B357D5F0B2FE84A745C4 /* Resources */ = {
			isa = PBXGroup;
			children = (
				9039475AE7ED4067FC4BB3B1 /* Assets.xcassets */,
				0024B4C3F56980A4999F2B94 /* InfoPlist.xcstrings */,
				C305A7FFD78AB75764C9F3D0 /* PrivacyInfo.xcprivacy */,
			);
			path = Resources;
			sourceTree = "<group>";
		};
		B448FE91BEB1E5F509766ED1 /* Watch */ = {
			isa = PBXGroup;
			children = (
				F790AEA2EAE6505A4EA6DB4D /* Account */,
				1C5D37CFD89899924D1FADD6 /* Resources */,
				34213AD788C67BDC3B6AF8E3 /* Info.plist */,
				2881FC55A08451C2F452BB75 /* MelogoldWatchApp.swift */,
				FA48D712A509C667E74613AE /* WatchCatalogViews.swift */,
				BD6176B0421F4BED1367019F /* WatchLibraryViews.swift */,
				62072A5FC2C2D17D85550480 /* WatchLyricsView.swift */,
				A9A09BA336EAC3188322DF40 /* WatchNowPlayingView.swift */,
				91B39EDD1852C5750CFF9520 /* WatchRootView.swift */,
				FDE9EE13AFF02588C010A268 /* WatchSearchView.swift */,
			);
			path = Watch;
			sourceTree = "<group>";
		};
		B9D924C04B1C99C185324ABD /* Library */ = {
			isa = PBXGroup;
			children = (
				830E0EC31CC904F4E2949834 /* DownloadsView.swift */,
				91E8A746D6D537D2BF3703FB /* HistoryView.swift */,
				90EBF5BECA6153235D0C0A59 /* LibraryComponents.swift */,
				F1B51C8ABF1BCB381E829D6C /* LibraryScreens.swift */,
				D0606F8F802EDA814564C80E /* LibraryView.swift */,
				08532D563B1E263D0A8FEF2D /* LocalPlaylistView.swift */,
			);
			path = Library;
			sourceTree = "<group>";
		};
		BF857F65D7ED590FE0DC02FA /* Shell */ = {
			isa = PBXGroup;
			children = (
				E968415E6F0B73C9B137C4A2 /* CarPlaySceneDelegate.swift */,
				A5CCDBAD0C5BE71085F14626 /* DebugBenchmark.swift */,
				4A6EB7CA2C9AC85995734B19 /* DebugLaunch.swift */,
				60D5E73AB6179004AA6A76AA /* DebugSnapshot.swift */,
				93441BF35DA128B8AAFCDF1C /* MelogoldCommands.swift */,
				05609036F2EA8B7D37C79D06 /* RootView.swift */,
				68CE44484027E235BABE4E9B /* SplitShell.swift */,
				2FFA6E1800667B694083CA84 /* SystemIntegration.swift */,
				74D5802F9DB93D4977628101 /* TabShell.swift */,
			);
			path = Shell;
			sourceTree = "<group>";
		};
		CACC837F32C5EA5C27F5FC6B /* New */ = {
			isa = PBXGroup;
			children = (
				8A854C582291C2EB866A3B85 /* NewView.swift */,
			);
			path = New;
			sourceTree = "<group>";
		};
		E295C5FB0A95BB12DA5DD09E = {
			isa = PBXGroup;
			children = (
				72DA2FCE7F97876772CC9550 /* App */,
				47CD97D50E937683CEC29C2B /* Config */,
				940136195CA3335CF4F2F8B9 /* Packages */,
				86BC53320E1339C839F09663 /* Shared */,
				6D718C14C3C87D91ACB42A8E /* UITests */,
				B448FE91BEB1E5F509766ED1 /* Watch */,
				A3F07D0F780A5E4885FBCCFF /* WatchUITests */,
				B37968274E19904FD5DE23BE /* Melogold.icon */,
				63DB9E90EE3AF914BC9F9A9F /* Products */,
			);
			sourceTree = "<group>";
		};
		E6D2449DBC85BBE12EAF7CDC /* UI */ = {
			isa = PBXGroup;
			children = (
				83FA08593BA80C10D1786A94 /* ArtworkView.swift */,
				713C3A392A064D16A0998F09 /* SleepFormat.swift */,
			);
			path = UI;
			sourceTree = "<group>";
		};
		E6EA26CE3A0FA5CD32489132 /* Components */ = {
			isa = PBXGroup;
			children = (
				24F1F7B1F153ABCE7ABE1A14 /* FileExport.swift */,
				FE193EFD78D96A082588A882 /* Rows.swift */,
				05CB98AC0A4C230383AE4920 /* Shelves.swift */,
				617A52A872CF4D7D7724B937 /* StateViews.swift */,
				464CEB05A2F06733EC5B6804 /* TrackMenu.swift */,
			);
			path = Components;
			sourceTree = "<group>";
		};
		F40A091940277003CEE23522 /* Resources */ = {
			isa = PBXGroup;
			children = (
				E2CD0B3EB6727B5331CCE032 /* Localizable.xcstrings */,
			);
			path = Resources;
			sourceTree = "<group>";
		};
		F69C6ACD4FA38DDDC6D2C5A7 /* Screens */ = {
			isa = PBXGroup;
			children = (
				23962F2B15BDD5D6471D8FFF /* Account */,
				81475B851CBA7385C8F2DC24 /* Catalog */,
				B9D924C04B1C99C185324ABD /* Library */,
				CACC837F32C5EA5C27F5FC6B /* New */,
				FA9DB47BEF2A6C32876DDA3F /* Search */,
				997FCB0DC346956613EB5244 /* Settings */,
				8936E17A7DA2B4E92309387C /* Trends */,
				6C31A6FD2D13A78CE31432CC /* SectionPlaceholder.swift */,
			);
			path = Screens;
			sourceTree = "<group>";
		};
		F790AEA2EAE6505A4EA6DB4D /* Account */ = {
			isa = PBXGroup;
			children = (
				D57728F1C4495976700637A3 /* WatchAccountViews.swift */,
			);
			path = Account;
			sourceTree = "<group>";
		};
		FA9DB47BEF2A6C32876DDA3F /* Search */ = {
			isa = PBXGroup;
			children = (
				BC8171812B4C4F41481F1303 /* SearchModel.swift */,
				E523A3EDBF9604F373F12513 /* SearchView.swift */,
			);
			path = Search;
			sourceTree = "<group>";
		};
/* End PBXGroup section */

/* Begin PBXNativeTarget section */
		25A049D4D1212EE4C009B2A5 /* Melogold Watch */ = {
			isa = PBXNativeTarget;
			buildConfigurationList = DC7AFBA09C0B5C0839D5C2B7 /* Build configuration list for PBXNativeTarget "Melogold Watch" */;
			buildPhases = (
				EF0C1C98B2A2016B84D19749 /* Sources */,
				BFB63EB80E6327F00171F8BB /* Resources */,
				7ED6DB9693761082ED4AD885 /* Frameworks */,
			);
			buildRules = (
			);
			dependencies = (
			);
			name = "Melogold Watch";
			packageProductDependencies = (
				00E31265CD9323121FDDEB60 /* MelogoldCore */,
				072FCA9CE57C410C91C3C70D /* MelogoldData */,
				EE83B993730C176DE0BCEA02 /* MelogoldInnerTube */,
				2973D1F8B1EADECCA8A6B50E /* MelogoldServer */,
				74C7DB990AB009185B29E337 /* MelogoldPlayback */,
			);
			productName = "Melogold Watch";
			productReference = 73A40E76B3280821EE501843 /* Melogold Watch.app */;
			productType = "com.apple.product-type.application";
		};
		5F9C11218D60EFECF3E4F085 /* MelogoldUITests */ = {
			isa = PBXNativeTarget;
			buildConfigurationList = 9C63A6CB6F48EEC31FCDB00E /* Build configuration list for PBXNativeTarget "MelogoldUITests" */;
			buildPhases = (
				650B2949BD0220C40C5D10DA /* Sources */,
			);
			buildRules = (
			);
			dependencies = (
				1A746D3F7F256BF428956341 /* PBXTargetDependency */,
			);
			name = MelogoldUITests;
			packageProductDependencies = (
			);
			productName = MelogoldUITests;
			productReference = F35CC0B73BA7B96B4B82E927 /* MelogoldUITests.xctest */;
			productType = "com.apple.product-type.bundle.ui-testing";
		};
		895D2F9E15B8E0F15F0FC1E6 /* Melogold */ = {
			isa = PBXNativeTarget;
			buildConfigurationList = B7197C8B9E2030CA394A88BF /* Build configuration list for PBXNativeTarget "Melogold" */;
			buildPhases = (
				A4D03268DF33B77583D7AC1B /* Sources */,
				E541E27E6BF6B0945F723A26 /* Resources */,
				58B246D6F80722885523A23F /* Frameworks */,
				A418226E0C9222B507C9E843 /* Embed Watch Content */,
			);
			buildRules = (
			);
			dependencies = (
				8F5A6BE876ACF96912971537 /* PBXTargetDependency */,
			);
			name = Melogold;
			packageProductDependencies = (
				625BF3FEAD52620894C27DA0 /* MelogoldCore */,
				76C23F0F53014853D597D1F9 /* MelogoldData */,
				DC9CC894B07B9896638342CD /* MelogoldInnerTube */,
				B5D32A80D75EB126504B9C0F /* MelogoldServer */,
				FFC92A7B0C3C480FDC51982E /* MelogoldPlayback */,
			);
			productName = Melogold;
			productReference = E59F5F588452F498D6413117 /* Melogold.app */;
			productType = "com.apple.product-type.application";
		};
		CC78C70365D9ADBF26DB5550 /* MelogoldWatchUITests */ = {
			isa = PBXNativeTarget;
			buildConfigurationList = DAACB8F57C55AFA66DF86E3F /* Build configuration list for PBXNativeTarget "MelogoldWatchUITests" */;
			buildPhases = (
				5090649BEECC78541B0407F0 /* Sources */,
			);
			buildRules = (
			);
			dependencies = (
				3D9FF796BE76B891B5111022 /* PBXTargetDependency */,
			);
			name = MelogoldWatchUITests;
			packageProductDependencies = (
			);
			productName = MelogoldWatchUITests;
			productReference = AFF23924D146269D15CA6B6D /* MelogoldWatchUITests.xctest */;
			productType = "com.apple.product-type.bundle.ui-testing";
		};
/* End PBXNativeTarget section */

/* Begin PBXProject section */
		D398183C133EE8B68B13AD18 /* Project object */ = {
			isa = PBXProject;
			attributes = {
				BuildIndependentTargetsInParallel = YES;
				LastUpgradeCheck = 2700;
				TargetAttributes = {
					25A049D4D1212EE4C009B2A5 = {
						DevelopmentTeam = "$(MELOGOLD_TEAM)";
						ProvisioningStyle = "$(MELOGOLD_SIGN_STYLE)";
					};
					5F9C11218D60EFECF3E4F085 = {
						DevelopmentTeam = "$(MELOGOLD_TEAM)";
						ProvisioningStyle = "$(MELOGOLD_SIGN_STYLE)";
						TestTargetID = 895D2F9E15B8E0F15F0FC1E6;
					};
					895D2F9E15B8E0F15F0FC1E6 = {
						DevelopmentTeam = "$(MELOGOLD_TEAM)";
						ProvisioningStyle = "$(MELOGOLD_SIGN_STYLE)";
					};
					CC78C70365D9ADBF26DB5550 = {
						DevelopmentTeam = "$(MELOGOLD_TEAM)";
						ProvisioningStyle = "$(MELOGOLD_SIGN_STYLE)";
						TestTargetID = 25A049D4D1212EE4C009B2A5;
					};
				};
			};
			buildConfigurationList = 3287DC6687CD497A22F6BC4E /* Build configuration list for PBXProject "Melogold" */;
			developmentRegion = en;
			hasScannedForEncodings = 0;
			knownRegions = (
				Base,
				en,
				ru,
			);
			mainGroup = E295C5FB0A95BB12DA5DD09E;
			minimizedProjectReferenceProxies = 1;
			packageReferences = (
				C5BCE0B4A5752A707AE6B05F /* XCLocalSwiftPackageReference "Packages/MelogoldKit" */,
			);
			preferredProjectObjectVersion = 77;
			productRefGroup = 63DB9E90EE3AF914BC9F9A9F /* Products */;
			projectDirPath = "";
			projectRoot = "";
			targets = (
				895D2F9E15B8E0F15F0FC1E6 /* Melogold */,
				25A049D4D1212EE4C009B2A5 /* Melogold Watch */,
				5F9C11218D60EFECF3E4F085 /* MelogoldUITests */,
				CC78C70365D9ADBF26DB5550 /* MelogoldWatchUITests */,
			);
		};
/* End PBXProject section */

/* Begin PBXResourcesBuildPhase section */
		BFB63EB80E6327F00171F8BB /* Resources */ = {
			isa = PBXResourcesBuildPhase;
			buildActionMask = 2147483647;
			files = (
				D65EB5358A72B5069219DAEB /* InfoPlist.xcstrings in Resources */,
				95330FB1AE771766FA75BDEA /* Localizable.xcstrings in Resources */,
				C1DE916B728425DA9D7A7EFE /* Melogold.icon in Resources */,
				582A1F17CACE0FAE6DACBC76 /* PrivacyInfo.xcprivacy in Resources */,
			);
			runOnlyForDeploymentPostprocessing = 0;
		};
		E541E27E6BF6B0945F723A26 /* Resources */ = {
			isa = PBXResourcesBuildPhase;
			buildActionMask = 2147483647;
			files = (
				61BF2F42F34A5F6DBCBDCDAE /* Assets.xcassets in Resources */,
				73FD23AEAC59899797069BFB /* InfoPlist.xcstrings in Resources */,
				8823ABE459D3EB82DDE6600D /* Localizable.xcstrings in Resources */,
				55C88BDF8593BFE632936A56 /* Melogold.icon in Resources */,
				7B7F06BEA52600084975FA9C /* PrivacyInfo.xcprivacy in Resources */,
			);
			runOnlyForDeploymentPostprocessing = 0;
		};
/* End PBXResourcesBuildPhase section */

/* Begin PBXSourcesBuildPhase section */
		5090649BEECC78541B0407F0 /* Sources */ = {
			isa = PBXSourcesBuildPhase;
			buildActionMask = 2147483647;
			files = (
				012F76410233836CF60EE4D6 /* UITestSupport.swift in Sources */,
				5050FA720F8FAE89F3DFB8F2 /* WatchHistoryUITests.swift in Sources */,
			);
			runOnlyForDeploymentPostprocessing = 0;
		};
		650B2949BD0220C40C5D10DA /* Sources */ = {
			isa = PBXSourcesBuildPhase;
			buildActionMask = 2147483647;
			files = (
				C73857BC34055399DAC03757 /* AccountUITests.swift in Sources */,
				76AF7E56D0A746CD7C2D6B70 /* CatalogUITests.swift in Sources */,
				61014204235DA4E4E0269242 /* HistoryUITests.swift in Sources */,
				93A6977A8AC785AAC66B41FC /* LibraryUITests.swift in Sources */,
				0E84339350F8EEB82DDE49BA /* LyricsUITests.swift in Sources */,
				E1F098D49490EF6BC4A3B7BE /* PlaybackUITests.swift in Sources */,
				1813387E02F116DA5080EABA /* PlayerUITests.swift in Sources */,
				202AB5FF65B21800A3C42AEC /* ShellUITests.swift in Sources */,
				8ACCEDC6EB23CFFA6B08E705 /* UITestSupport.swift in Sources */,
			);
			runOnlyForDeploymentPostprocessing = 0;
		};
		A4D03268DF33B77583D7AC1B /* Sources */ = {
			isa = PBXSourcesBuildPhase;
			buildActionMask = 2147483647;
			files = (
				E5758C502D3F03428EAE4206 /* AccountOverviewView.swift in Sources */,
				F17DF1D843A31CA3197502C9 /* AccountRoute.swift in Sources */,
				B151712796C5FCDCEC791F52 /* AccountSettingsSection.swift in Sources */,
				ECF668E0796812EE0204B1EA /* AccountText.swift in Sources */,
				F8935A4B70FE3862009DCED8 /* AlbumView.swift in Sources */,
				6B99F6A20BC049229FA6070C /* AppModel+Actions.swift in Sources */,
				5C7F337ACE5ED707155C3DE3 /* AppModel+Library.swift in Sources */,
				EE794A34E673F168A7B05EAB /* AppModel.swift in Sources */,
				0AB30F97DC1B704FA12F1A64 /* ArtistView.swift in Sources */,
				C4069967884AAA4A579F0ADF /* ArtworkView.swift in Sources */,
				5711F2CB6529289E2C69FA82 /* BrowseViews.swift in Sources */,
				07A8A65CEC0749174CD5E9E5 /* CarPlaySceneDelegate.swift in Sources */,
				F65F688275F404FC37157ED2 /* DebugBenchmark.swift in Sources */,
				6C4AC9EDF614DE121A6F16FD /* DebugLaunch.swift in Sources */,
				54E552D63E3171488285F922 /* DebugSnapshot.swift in Sources */,
				3BB36E4150B2B2AEBBE9160E /* DetailPage.swift in Sources */,
				DB12CF03C955D9365ABBE1D7 /* DownloadsView.swift in Sources */,
				EB58C678885BD00468F8B042 /* ExploreStore.swift in Sources */,
				4B799A1160487B46F707750B /* FileExport.swift in Sources */,
				EB45DEA00E3D3D42F21D9B41 /* ForYouStore.swift in Sources */,
				97AA66665A5D8A308D2D6AA3 /* HistoryView.swift in Sources */,
				3F6A128A55BD3A2A6036B518 /* LibraryComponents.swift in Sources */,
				E20A0C7192DB65C96D705D6C /* LibraryScreens.swift in Sources */,
				90985A5D16448BB9E68C0BE8 /* LibraryStore.swift in Sources */,
				DEF932C917686C6E9BC6CEAE /* LibraryView.swift in Sources */,
				9C271D28B90CFFB53D9B93C6 /* Loadable.swift in Sources */,
				FD79B42ABBB0A41612D8C1DA /* LocalPlaylistView.swift in Sources */,
				B2979E9C8C774653A2852C52 /* LyricsEditorView.swift in Sources */,
				885595AFC9E3F1A318DA809E /* LyricsModel.swift in Sources */,
				67CE77D5B52347474A458226 /* LyricsSearchSheet.swift in Sources */,
				FBA6FBD34A28B814B61A07C3 /* LyricsView.swift in Sources */,
				D98300DB4AA4D8F5B6903D2D /* MacPlayerBar.swift in Sources */,
				0F943CFE0F06498E564634C0 /* MelogoldApp.swift in Sources */,
				7EA3249E428FB6CF17568CE9 /* MelogoldCommands.swift in Sources */,
				066325A2E0A9B9E988EEF947 /* MiniPlayer.swift in Sources */,
				D2E17263C8874BAF4ED062B0 /* NewView.swift in Sources */,
				67B5305E5D263A1E61CE33D2 /* NowPlayingView.swift in Sources */,
				A80173124DB9EE5F48306046 /* PlaybackStorageSettings.swift in Sources */,
				C2ECEAB367E75307F765505B /* PlayerControls.swift in Sources */,
				541782B9FFF7E37EAC7D901A /* PlayerMenu.swift in Sources */,
				3C22FA3123C7D699E86A37BD /* PlaylistView.swift in Sources */,
				7AACA42B80940B15B34CF3DF /* QueueView.swift in Sources */,
				373ABF28FB0AE1BC2575DFF3 /* RootView.swift in Sources */,
				E5D9FF739B2B0C2ED1C01161 /* RoutePickerButton.swift in Sources */,
				A2132CB8024C6D31A1323B1A /* Routes.swift in Sources */,
				7886385E3E5B8992E0901556 /* Rows.swift in Sources */,
				647B78E2A8C972AE571345D1 /* SearchModel.swift in Sources */,
				FC76178926B9A1944384776F /* SearchView.swift in Sources */,
				7FAA9163A0D77D5A2D6DB610 /* SectionPlaceholder.swift in Sources */,
				5AD7EAADB632942F3B269CA3 /* SectionStyle.swift in Sources */,
				DE3E8A5359002FD4CA9F6E8F /* ServerView.swift in Sources */,
				A70E987FE4FB687D1B6D518B /* Services.swift in Sources */,
				F42A7A749C360FA3E6E10534 /* SettingsView.swift in Sources */,
				37386CC75DEE3EBD4A5BBEA7 /* Shelves.swift in Sources */,
				1A83A03BA63362F319089F9E /* SignInView.swift in Sources */,
				7A48C339E90DDEB9F20D3B7C /* SleepFormat.swift in Sources */,
				1B1F41525428EEB1C939DEDF /* SplitShell.swift in Sources */,
				03CD15A17929BB9E19BC5994 /* StateViews.swift in Sources */,
				137DA5566FD1F88AD3A11CED /* SystemIntegration.swift in Sources */,
				10EA20DE84359721EA31CE23 /* TabShell.swift in Sources */,
				DBE881B9FE4690869C3CB0F6 /* TrackMenu.swift in Sources */,
				1AEBC8A022AEBC0AC34CD9E5 /* TrendsView.swift in Sources */,
			);
			runOnlyForDeploymentPostprocessing = 0;
		};
		EF0C1C98B2A2016B84D19749 /* Sources */ = {
			isa = PBXSourcesBuildPhase;
			buildActionMask = 2147483647;
			files = (
				FFC996730C6A8B0764B0954E /* AccountText.swift in Sources */,
				782A43EE9CA71A84716D1787 /* ArtworkView.swift in Sources */,
				0625DD652177818F5351F5E3 /* ExploreStore.swift in Sources */,
				69CC4EEC5ECD57DC628309E2 /* ForYouStore.swift in Sources */,
				5E5D0BABC82C190CEFD9C686 /* LibraryStore.swift in Sources */,
				E5054C4510BC8847340CA354 /* Loadable.swift in Sources */,
				E43245C9C138157957582FBC /* LyricsModel.swift in Sources */,
				9F371FCD19E75A2E60428E9A /* MelogoldWatchApp.swift in Sources */,
				1FA4F7F8356615AE62FC0DD4 /* SectionStyle.swift in Sources */,
				008ADFA16EFF781E50B386AA /* Services.swift in Sources */,
				215CFC95E58BCEEA3194F429 /* SleepFormat.swift in Sources */,
				0D6FC5C08893F894FD342330 /* WatchAccountViews.swift in Sources */,
				BACE53CDC9A1DE54D44800B7 /* WatchCatalogViews.swift in Sources */,
				F7625B181D9A6185784449C1 /* WatchLibraryViews.swift in Sources */,
				84231D42BA22F3633F7FAF73 /* WatchLyricsView.swift in Sources */,
				4DCAAA27EC8F64EC07C26110 /* WatchNowPlayingView.swift in Sources */,
				5125520C51D3281CB5DBBA66 /* WatchRootView.swift in Sources */,
				720F7FE75D5D1A3D3EE84ADF /* WatchSearchView.swift in Sources */,
			);
			runOnlyForDeploymentPostprocessing = 0;
		};
/* End PBXSourcesBuildPhase section */

/* Begin PBXTargetDependency section */
		1A746D3F7F256BF428956341 /* PBXTargetDependency */ = {
			isa = PBXTargetDependency;
			target = 895D2F9E15B8E0F15F0FC1E6 /* Melogold */;
			targetProxy = 2F2E00B741554BE7F4BD4EBF /* PBXContainerItemProxy */;
		};
		3D9FF796BE76B891B5111022 /* PBXTargetDependency */ = {
			isa = PBXTargetDependency;
			target = 25A049D4D1212EE4C009B2A5 /* Melogold Watch */;
			targetProxy = F8825D22A4FC5927856990D5 /* PBXContainerItemProxy */;
		};
		8F5A6BE876ACF96912971537 /* PBXTargetDependency */ = {
			isa = PBXTargetDependency;
			platformFilters = (
				ios,
			);
			target = 25A049D4D1212EE4C009B2A5 /* Melogold Watch */;
			targetProxy = CF0F14B97CC2E5CFC4764EE7 /* PBXContainerItemProxy */;
		};
/* End PBXTargetDependency section */

/* Begin XCBuildConfiguration section */
		027BA74362E69EC724471C44 /* Debug */ = {
			isa = XCBuildConfiguration;
			buildSettings = {
				ASSETCATALOG_COMPILER_APPICON_NAME = Melogold;
				"ASSETCATALOG_COMPILER_APPICON_NAME[sdk=xros*]" = AppIcon;
				"ASSETCATALOG_COMPILER_APPICON_NAME[sdk=xrsimulator*]" = AppIcon;
				ASSETCATALOG_COMPILER_INCLUDE_ALL_APPICON_ASSETS = NO;
				CODE_SIGN_IDENTITY = "$(MELOGOLD_SIGN_IDENTITY)";
				ENABLE_HARDENED_RUNTIME = YES;
				INFOPLIST_FILE = App/Info.plist;
				LD_RUNPATH_SEARCH_PATHS = (
					"$(inherited)",
					"@executable_path/Frameworks",
				);
				PRODUCT_BUNDLE_IDENTIFIER = app.melogold.Melogold;
				PRODUCT_NAME = Melogold;
				SDKROOT = auto;
				SUPPORTED_PLATFORMS = "iphoneos iphonesimulator xros xrsimulator macosx";
				SUPPORTS_MACCATALYST = NO;
				SUPPORTS_MAC_DESIGNED_FOR_IPHONE_IPAD = NO;
				SUPPORTS_XR_DESIGNED_FOR_IPHONE_IPAD = NO;
				SWIFT_APPROACHABLE_CONCURRENCY = YES;
				SWIFT_DEFAULT_ACTOR_ISOLATION = MainActor;
				TARGETED_DEVICE_FAMILY = "1,2,7";
			};
			name = Debug;
		};
		03C783FA84FD71758389457A /* Debug */ = {
			isa = XCBuildConfiguration;
			baseConfigurationReference = CFA350B01580D05B8B5A7E0C /* Project.xcconfig */;
			buildSettings = {
				ALWAYS_SEARCH_USER_PATHS = NO;
				ASSETCATALOG_COMPILER_GENERATE_SWIFT_ASSET_SYMBOL_EXTENSIONS = YES;
				CLANG_ANALYZER_NONNULL = YES;
				CLANG_ANALYZER_NUMBER_OBJECT_CONVERSION = YES_AGGRESSIVE;
				CLANG_CXX_LANGUAGE_STANDARD = "gnu++14";
				CLANG_CXX_LIBRARY = "libc++";
				CLANG_ENABLE_MODULES = YES;
				CLANG_ENABLE_OBJC_ARC = YES;
				CLANG_ENABLE_OBJC_WEAK = YES;
				CLANG_WARN_BLOCK_CAPTURE_AUTORELEASING = YES;
				CLANG_WARN_BOOL_CONVERSION = YES;
				CLANG_WARN_COMMA = YES;
				CLANG_WARN_CONSTANT_CONVERSION = YES;
				CLANG_WARN_DEPRECATED_OBJC_IMPLEMENTATIONS = YES;
				CLANG_WARN_DIRECT_OBJC_ISA_USAGE = YES_ERROR;
				CLANG_WARN_DOCUMENTATION_COMMENTS = YES;
				CLANG_WARN_EMPTY_BODY = YES;
				CLANG_WARN_ENUM_CONVERSION = YES;
				CLANG_WARN_INFINITE_RECURSION = YES;
				CLANG_WARN_INT_CONVERSION = YES;
				CLANG_WARN_NON_LITERAL_NULL_CONVERSION = YES;
				CLANG_WARN_OBJC_IMPLICIT_RETAIN_SELF = YES;
				CLANG_WARN_OBJC_LITERAL_CONVERSION = YES;
				CLANG_WARN_OBJC_ROOT_CLASS = YES_ERROR;
				CLANG_WARN_QUOTED_INCLUDE_IN_FRAMEWORK_HEADER = YES;
				CLANG_WARN_RANGE_LOOP_ANALYSIS = YES;
				CLANG_WARN_STRICT_PROTOTYPES = YES;
				CLANG_WARN_SUSPICIOUS_MOVE = YES;
				CLANG_WARN_UNGUARDED_AVAILABILITY = YES_AGGRESSIVE;
				CLANG_WARN_UNREACHABLE_CODE = YES;
				CLANG_WARN__DUPLICATE_METHOD_MATCH = YES;
				CODE_SIGN_IDENTITY = "$(MELOGOLD_SIGN_IDENTITY)";
				CODE_SIGN_STYLE = "$(MELOGOLD_SIGN_STYLE)";
				COPY_PHASE_STRIP = NO;
				DEAD_CODE_STRIPPING = YES;
				DEBUG_INFORMATION_FORMAT = dwarf;
				DEVELOPMENT_TEAM = "$(MELOGOLD_TEAM)";
				ENABLE_PREVIEWS = YES;
				ENABLE_STRICT_OBJC_MSGSEND = YES;
				ENABLE_TESTABILITY = YES;
				ENABLE_USER_SCRIPT_SANDBOXING = YES;
				GCC_C_LANGUAGE_STANDARD = gnu11;
				GCC_DYNAMIC_NO_PIC = NO;
				GCC_NO_COMMON_BLOCKS = YES;
				GCC_OPTIMIZATION_LEVEL = 0;
				GCC_PREPROCESSOR_DEFINITIONS = (
					"$(inherited)",
					"DEBUG=1",
				);
				GCC_WARN_64_TO_32_BIT_CONVERSION = YES;
				GCC_WARN_ABOUT_RETURN_TYPE = YES_ERROR;
				GCC_WARN_UNDECLARED_SELECTOR = YES;
				GCC_WARN_UNINITIALIZED_AUTOS = YES_AGGRESSIVE;
				GCC_WARN_UNUSED_FUNCTION = YES;
				GCC_WARN_UNUSED_VARIABLE = YES;
				IPHONEOS_DEPLOYMENT_TARGET = 26.0;
				LOCALIZATION_PREFERS_STRING_CATALOGS = YES;
				MACOSX_DEPLOYMENT_TARGET = 26.0;
				MTL_ENABLE_DEBUG_INFO = INCLUDE_SOURCE;
				MTL_FAST_MATH = YES;
				ONLY_ACTIVE_ARCH = YES;
				PRODUCT_NAME = "$(TARGET_NAME)";
				SWIFT_ACTIVE_COMPILATION_CONDITIONS = DEBUG;
				SWIFT_EMIT_LOC_STRINGS = YES;
				SWIFT_OPTIMIZATION_LEVEL = "-Onone";
				SWIFT_STRICT_CONCURRENCY = complete;
				SWIFT_VERSION = 6.0;
				WATCHOS_DEPLOYMENT_TARGET = 26.0;
				XROS_DEPLOYMENT_TARGET = 26.0;
			};
			name = Debug;
		};
		292B465039132E448C372D28 /* Debug */ = {
			isa = XCBuildConfiguration;
			buildSettings = {
				BUNDLE_LOADER = "$(TEST_HOST)";
				CODE_SIGN_IDENTITY = "$(MELOGOLD_SIGN_IDENTITY)";
				GENERATE_INFOPLIST_FILE = YES;
				LD_RUNPATH_SEARCH_PATHS = (
					"$(inherited)",
					"@executable_path/Frameworks",
					"@loader_path/Frameworks",
				);
				PRODUCT_BUNDLE_IDENTIFIER = app.melogold.MelogoldWatchUITests;
				SDKROOT = watchos;
				SKIP_INSTALL = YES;
				TARGETED_DEVICE_FAMILY = 4;
				TEST_TARGET_NAME = "Melogold Watch";
			};
			name = Debug;
		};
		2A1F2667AFFFB80E1A6F6D53 /* Debug */ = {
			isa = XCBuildConfiguration;
			buildSettings = {
				BUNDLE_LOADER = "$(TEST_HOST)";
				CODE_SIGN_IDENTITY = "$(MELOGOLD_SIGN_IDENTITY)";
				GENERATE_INFOPLIST_FILE = YES;
				LD_RUNPATH_SEARCH_PATHS = (
					"$(inherited)",
					"@executable_path/Frameworks",
					"@loader_path/Frameworks",
				);
				PRODUCT_BUNDLE_IDENTIFIER = app.melogold.MelogoldUITests;
				SDKROOT = iphoneos;
				TARGETED_DEVICE_FAMILY = "1,2";
				TEST_TARGET_NAME = Melogold;
			};
			name = Debug;
		};
		3D7F59486CC79ACED6894826 /* Release */ = {
			isa = XCBuildConfiguration;
			buildSettings = {
				ASSETCATALOG_COMPILER_APPICON_NAME = Melogold;
				"ASSETCATALOG_COMPILER_APPICON_NAME[sdk=xros*]" = AppIcon;
				"ASSETCATALOG_COMPILER_APPICON_NAME[sdk=xrsimulator*]" = AppIcon;
				ASSETCATALOG_COMPILER_INCLUDE_ALL_APPICON_ASSETS = NO;
				CODE_SIGN_IDENTITY = "$(MELOGOLD_SIGN_IDENTITY)";
				ENABLE_HARDENED_RUNTIME = YES;
				INFOPLIST_FILE = App/Info.plist;
				LD_RUNPATH_SEARCH_PATHS = (
					"$(inherited)",
					"@executable_path/Frameworks",
				);
				PRODUCT_BUNDLE_IDENTIFIER = app.melogold.Melogold;
				PRODUCT_NAME = Melogold;
				SDKROOT = auto;
				SUPPORTED_PLATFORMS = "iphoneos iphonesimulator xros xrsimulator macosx";
				SUPPORTS_MACCATALYST = NO;
				SUPPORTS_MAC_DESIGNED_FOR_IPHONE_IPAD = NO;
				SUPPORTS_XR_DESIGNED_FOR_IPHONE_IPAD = NO;
				SWIFT_APPROACHABLE_CONCURRENCY = YES;
				SWIFT_DEFAULT_ACTOR_ISOLATION = MainActor;
				TARGETED_DEVICE_FAMILY = "1,2,7";
			};
			name = Release;
		};
		61106215E758D592AFE8991C /* Release */ = {
			isa = XCBuildConfiguration;
			buildSettings = {
				BUNDLE_LOADER = "$(TEST_HOST)";
				CODE_SIGN_IDENTITY = "$(MELOGOLD_SIGN_IDENTITY)";
				GENERATE_INFOPLIST_FILE = YES;
				LD_RUNPATH_SEARCH_PATHS = (
					"$(inherited)",
					"@executable_path/Frameworks",
					"@loader_path/Frameworks",
				);
				PRODUCT_BUNDLE_IDENTIFIER = app.melogold.MelogoldUITests;
				SDKROOT = iphoneos;
				TARGETED_DEVICE_FAMILY = "1,2";
				TEST_TARGET_NAME = Melogold;
			};
			name = Release;
		};
		68CB581C68B3C15AF8DDEE4D /* Release */ = {
			isa = XCBuildConfiguration;
			baseConfigurationReference = CFA350B01580D05B8B5A7E0C /* Project.xcconfig */;
			buildSettings = {
				ALWAYS_SEARCH_USER_PATHS = NO;
				ASSETCATALOG_COMPILER_GENERATE_SWIFT_ASSET_SYMBOL_EXTENSIONS = YES;
				CLANG_ANALYZER_NONNULL = YES;
				CLANG_ANALYZER_NUMBER_OBJECT_CONVERSION = YES_AGGRESSIVE;
				CLANG_CXX_LANGUAGE_STANDARD = "gnu++14";
				CLANG_CXX_LIBRARY = "libc++";
				CLANG_ENABLE_MODULES = YES;
				CLANG_ENABLE_OBJC_ARC = YES;
				CLANG_ENABLE_OBJC_WEAK = YES;
				CLANG_WARN_BLOCK_CAPTURE_AUTORELEASING = YES;
				CLANG_WARN_BOOL_CONVERSION = YES;
				CLANG_WARN_COMMA = YES;
				CLANG_WARN_CONSTANT_CONVERSION = YES;
				CLANG_WARN_DEPRECATED_OBJC_IMPLEMENTATIONS = YES;
				CLANG_WARN_DIRECT_OBJC_ISA_USAGE = YES_ERROR;
				CLANG_WARN_DOCUMENTATION_COMMENTS = YES;
				CLANG_WARN_EMPTY_BODY = YES;
				CLANG_WARN_ENUM_CONVERSION = YES;
				CLANG_WARN_INFINITE_RECURSION = YES;
				CLANG_WARN_INT_CONVERSION = YES;
				CLANG_WARN_NON_LITERAL_NULL_CONVERSION = YES;
				CLANG_WARN_OBJC_IMPLICIT_RETAIN_SELF = YES;
				CLANG_WARN_OBJC_LITERAL_CONVERSION = YES;
				CLANG_WARN_OBJC_ROOT_CLASS = YES_ERROR;
				CLANG_WARN_QUOTED_INCLUDE_IN_FRAMEWORK_HEADER = YES;
				CLANG_WARN_RANGE_LOOP_ANALYSIS = YES;
				CLANG_WARN_STRICT_PROTOTYPES = YES;
				CLANG_WARN_SUSPICIOUS_MOVE = YES;
				CLANG_WARN_UNGUARDED_AVAILABILITY = YES_AGGRESSIVE;
				CLANG_WARN_UNREACHABLE_CODE = YES;
				CLANG_WARN__DUPLICATE_METHOD_MATCH = YES;
				CODE_SIGN_IDENTITY = "$(MELOGOLD_SIGN_IDENTITY)";
				CODE_SIGN_STYLE = "$(MELOGOLD_SIGN_STYLE)";
				COPY_PHASE_STRIP = NO;
				DEAD_CODE_STRIPPING = YES;
				DEBUG_INFORMATION_FORMAT = "dwarf-with-dsym";
				DEVELOPMENT_TEAM = "$(MELOGOLD_TEAM)";
				ENABLE_NS_ASSERTIONS = NO;
				ENABLE_PREVIEWS = YES;
				ENABLE_STRICT_OBJC_MSGSEND = YES;
				ENABLE_USER_SCRIPT_SANDBOXING = YES;
				GCC_C_LANGUAGE_STANDARD = gnu11;
				GCC_NO_COMMON_BLOCKS = YES;
				GCC_WARN_64_TO_32_BIT_CONVERSION = YES;
				GCC_WARN_ABOUT_RETURN_TYPE = YES_ERROR;
				GCC_WARN_UNDECLARED_SELECTOR = YES;
				GCC_WARN_UNINITIALIZED_AUTOS = YES_AGGRESSIVE;
				GCC_WARN_UNUSED_FUNCTION = YES;
				GCC_WARN_UNUSED_VARIABLE = YES;
				IPHONEOS_DEPLOYMENT_TARGET = 26.0;
				LOCALIZATION_PREFERS_STRING_CATALOGS = YES;
				MACOSX_DEPLOYMENT_TARGET = 26.0;
				MTL_ENABLE_DEBUG_INFO = NO;
				MTL_FAST_MATH = YES;
				PRODUCT_NAME = "$(TARGET_NAME)";
				SWIFT_COMPILATION_MODE = wholemodule;
				SWIFT_EMIT_LOC_STRINGS = YES;
				SWIFT_OPTIMIZATION_LEVEL = "-O";
				SWIFT_STRICT_CONCURRENCY = complete;
				SWIFT_VERSION = 6.0;
				WATCHOS_DEPLOYMENT_TARGET = 26.0;
				XROS_DEPLOYMENT_TARGET = 26.0;
			};
			name = Release;
		};
		8881B08774A5AAC871ECF8AE /* Debug */ = {
			isa = XCBuildConfiguration;
			buildSettings = {
				ASSETCATALOG_COMPILER_APPICON_NAME = Melogold;
				ASSETCATALOG_COMPILER_INCLUDE_ALL_APPICON_ASSETS = NO;
				CODE_SIGN_IDENTITY = "$(MELOGOLD_SIGN_IDENTITY)";
				INFOPLIST_FILE = Watch/Info.plist;
				PRODUCT_BUNDLE_IDENTIFIER = app.melogold.Melogold.watchkitapp;
				PRODUCT_NAME = "Melogold Watch";
				SDKROOT = watchos;
				SKIP_INSTALL = YES;
				SWIFT_APPROACHABLE_CONCURRENCY = YES;
				SWIFT_DEFAULT_ACTOR_ISOLATION = MainActor;
				TARGETED_DEVICE_FAMILY = 4;
			};
			name = Debug;
		};
		B8D5015698FDD687A6B8AF9E /* Release */ = {
			isa = XCBuildConfiguration;
			buildSettings = {
				BUNDLE_LOADER = "$(TEST_HOST)";
				CODE_SIGN_IDENTITY = "$(MELOGOLD_SIGN_IDENTITY)";
				GENERATE_INFOPLIST_FILE = YES;
				LD_RUNPATH_SEARCH_PATHS = (
					"$(inherited)",
					"@executable_path/Frameworks",
					"@loader_path/Frameworks",
				);
				PRODUCT_BUNDLE_IDENTIFIER = app.melogold.MelogoldWatchUITests;
				SDKROOT = watchos;
				SKIP_INSTALL = YES;
				TARGETED_DEVICE_FAMILY = 4;
				TEST_TARGET_NAME = "Melogold Watch";
			};
			name = Release;
		};
		C82CF43BAF8C239D29AEA68E /* Release */ = {
			isa = XCBuildConfiguration;
			buildSettings = {
				ASSETCATALOG_COMPILER_APPICON_NAME = Melogold;
				ASSETCATALOG_COMPILER_INCLUDE_ALL_APPICON_ASSETS = NO;
				CODE_SIGN_IDENTITY = "$(MELOGOLD_SIGN_IDENTITY)";
				INFOPLIST_FILE = Watch/Info.plist;
				PRODUCT_BUNDLE_IDENTIFIER = app.melogold.Melogold.watchkitapp;
				PRODUCT_NAME = "Melogold Watch";
				SDKROOT = watchos;
				SKIP_INSTALL = YES;
				SWIFT_APPROACHABLE_CONCURRENCY = YES;
				SWIFT_DEFAULT_ACTOR_ISOLATION = MainActor;
				TARGETED_DEVICE_FAMILY = 4;
			};
			name = Release;
		};
/* End XCBuildConfiguration section */

/* Begin XCConfigurationList section */
		3287DC6687CD497A22F6BC4E /* Build configuration list for PBXProject "Melogold" */ = {
			isa = XCConfigurationList;
			buildConfigurations = (
				03C783FA84FD71758389457A /* Debug */,
				68CB581C68B3C15AF8DDEE4D /* Release */,
			);
			defaultConfigurationIsVisible = 0;
			defaultConfigurationName = Debug;
		};
		9C63A6CB6F48EEC31FCDB00E /* Build configuration list for PBXNativeTarget "MelogoldUITests" */ = {
			isa = XCConfigurationList;
			buildConfigurations = (
				2A1F2667AFFFB80E1A6F6D53 /* Debug */,
				61106215E758D592AFE8991C /* Release */,
			);
			defaultConfigurationIsVisible = 0;
			defaultConfigurationName = Debug;
		};
		B7197C8B9E2030CA394A88BF /* Build configuration list for PBXNativeTarget "Melogold" */ = {
			isa = XCConfigurationList;
			buildConfigurations = (
				027BA74362E69EC724471C44 /* Debug */,
				3D7F59486CC79ACED6894826 /* Release */,
			);
			defaultConfigurationIsVisible = 0;
			defaultConfigurationName = Debug;
		};
		DAACB8F57C55AFA66DF86E3F /* Build configuration list for PBXNativeTarget "MelogoldWatchUITests" */ = {
			isa = XCConfigurationList;
			buildConfigurations = (
				292B465039132E448C372D28 /* Debug */,
				B8D5015698FDD687A6B8AF9E /* Release */,
			);
			defaultConfigurationIsVisible = 0;
			defaultConfigurationName = Debug;
		};
		DC7AFBA09C0B5C0839D5C2B7 /* Build configuration list for PBXNativeTarget "Melogold Watch" */ = {
			isa = XCConfigurationList;
			buildConfigurations = (
				8881B08774A5AAC871ECF8AE /* Debug */,
				C82CF43BAF8C239D29AEA68E /* Release */,
			);
			defaultConfigurationIsVisible = 0;
			defaultConfigurationName = Debug;
		};
/* End XCConfigurationList section */

/* Begin XCLocalSwiftPackageReference section */
		C5BCE0B4A5752A707AE6B05F /* XCLocalSwiftPackageReference "Packages/MelogoldKit" */ = {
			isa = XCLocalSwiftPackageReference;
			relativePath = Packages/MelogoldKit;
		};
/* End XCLocalSwiftPackageReference section */

/* Begin XCSwiftPackageProductDependency section */
		00E31265CD9323121FDDEB60 /* MelogoldCore */ = {
			isa = XCSwiftPackageProductDependency;
			productName = MelogoldCore;
		};
		072FCA9CE57C410C91C3C70D /* MelogoldData */ = {
			isa = XCSwiftPackageProductDependency;
			productName = MelogoldData;
		};
		2973D1F8B1EADECCA8A6B50E /* MelogoldServer */ = {
			isa = XCSwiftPackageProductDependency;
			productName = MelogoldServer;
		};
		625BF3FEAD52620894C27DA0 /* MelogoldCore */ = {
			isa = XCSwiftPackageProductDependency;
			productName = MelogoldCore;
		};
		74C7DB990AB009185B29E337 /* MelogoldPlayback */ = {
			isa = XCSwiftPackageProductDependency;
			productName = MelogoldPlayback;
		};
		76C23F0F53014853D597D1F9 /* MelogoldData */ = {
			isa = XCSwiftPackageProductDependency;
			productName = MelogoldData;
		};
		B5D32A80D75EB126504B9C0F /* MelogoldServer */ = {
			isa = XCSwiftPackageProductDependency;
			productName = MelogoldServer;
		};
		DC9CC894B07B9896638342CD /* MelogoldInnerTube */ = {
			isa = XCSwiftPackageProductDependency;
			productName = MelogoldInnerTube;
		};
		EE83B993730C176DE0BCEA02 /* MelogoldInnerTube */ = {
			isa = XCSwiftPackageProductDependency;
			productName = MelogoldInnerTube;
		};
		FFC92A7B0C3C480FDC51982E /* MelogoldPlayback */ = {
			isa = XCSwiftPackageProductDependency;
			productName = MelogoldPlayback;
		};
/* End XCSwiftPackageProductDependency section */
	};
	rootObject = D398183C133EE8B68B13AD18 /* Project object */;
}
